{
  "name": "septicycle",
  "version": "1.1.6",
  "lockfileVersion": 3,
  "requires": true,
  "packages": {
    "": {
      "name": "septicycle",
      "version": "1.1.4",
      "license": "ISC",
      "dependencies": {
        "countdown": "^2.6.0",
        "simple-statistics": "^7.8.3"
      }
    },
    "node_modules/countdown": {
      "version": "2.6.0",
      "resolved": "https://registry.npmjs.org/countdown/-/countdown-2.6.0.tgz",
      "integrity": "sha512-96C3ntj6/Q0KiikjRxDTrnw09VHI1x930gDTxBnTN8spEjySAT4ftvPXbM22Wn1pp5X0HvZ9uw6DOIf2d8g7rg=="
    },
    "node_modules/simple-statistics": {
      "version": "7.8.3",
      "resolved": "https://registry.npmjs.org/simple-statistics/-/simple-statistics-7.8.3.tgz",
      "integrity": "sha512-JFvMY00t6SBGtwMuJ+nqgsx9ylkMiJ5JlK9bkj8AdvniIe5615wWQYkKHXe84XtSuc40G/tlrPu0A5/NlJvv8A==",
      "engines": {
        "node": "*"
      }
    }
  }
}
